{
  "name": "json-viewer",
  "version": "0.1.0",
  "lockfileVersion": 1,
  "requires": true,
  "dependencies": {
    "@types/medium-editor": {
      "version": "5.0.3",
      "resolved": "https://registry.npmjs.org/@types/medium-editor/-/medium-editor-5.0.3.tgz",
      "integrity": "sha512-8cguZffk0n5h62SPttmPrCQ3yze3JlzAY8FhtOqgcirKHVgu9HzP6b+KVov24LscaQweMp+Ce38ArARAbYw/5g=="
    }
  }
}
